
Microsoft Visual Studio Solution File, Format Version 12.00
Project("{FAE04EC0-301F-11D3-BF4B-00C04F79EFBC}") = "APBD-Cw1-s30760", "APBD-Cw1-s30760\APBD-Cw1-s30760.csproj", "{1CDE064F-519E-4EA4-9AB9-47FAD1D7D46E}"
EndProject
Global
	GlobalSection(SolutionConfigurationPlatforms) = preSolution
		Debug|Any CPU = Debug|Any CPU
		Release|Any CPU = Release|Any CPU
	EndGlobalSection
	GlobalSection(ProjectConfigurationPlatforms) = postSolution
		{1CDE064F-519E-4EA4-9AB9-47FAD1D7D46E}.Debug|Any CPU.ActiveCfg = Debug|Any CPU
		{1CDE064F-519E-4EA4-9AB9-47FAD1D7D46E}.Debug|Any CPU.Build.0 = Debug|Any CPU
		{1CDE064F-519E-4EA4-9AB9-47FAD1D7D46E}.Release|Any CPU.ActiveCfg = Release|Any CPU
		{1CDE064F-519E-4EA4-9AB9-47FAD1D7D46E}.Release|Any CPU.Build.0 = Release|Any CPU
	EndGlobalSection
EndGlobal
